
Microsoft Visual Studio Solution File, Format Version 12.00
# Visual Studio 15
VisualStudioVersion = 15.0.27617.1
MinimumVisualStudioVersion = 10.0.40219.1
Project("{F2A71F9B-5D33-465A-A702-920D77279786}") = "fsharp_lucene", "fsharp_lucene\fsharp_lucene.fsproj", "{39E1EA1E-65BD-46D3-A845-EEED0C42E821}"
EndProject
Global
	GlobalSection(SolutionConfigurationPlatforms) = preSolution
		Debug|Any CPU = Debug|Any CPU
		Release|Any CPU = Release|Any CPU
	EndGlobalSection
	GlobalSection(ProjectConfigurationPlatforms) = postSolution
		{39E1EA1E-65BD-46D3-A845-EEED0C42E821}.Debug|Any CPU.ActiveCfg = Debug|Any CPU
		{39E1EA1E-65BD-46D3-A845-EEED0C42E821}.Debug|Any CPU.Build.0 = Debug|Any CPU
		{39E1EA1E-65BD-46D3-A845-EEED0C42E821}.Release|Any CPU.ActiveCfg = Release|Any CPU
		{39E1EA1E-65BD-46D3-A845-EEED0C42E821}.Release|Any CPU.Build.0 = Release|Any CPU
	EndGlobalSection
	GlobalSection(SolutionProperties) = preSolution
		HideSolutionNode = FALSE
	EndGlobalSection
	GlobalSection(ExtensibilityGlobals) = postSolution
		SolutionGuid = {72A6C329-FB03-4EA6-A775-459135FA2AE5}
	EndGlobalSection
EndGlobal
